
Microsoft Visual Studio Solution File, Format Version 12.00
# Visual Studio Version 16
VisualStudioVersion = 16.0.29512.175
MinimumVisualStudioVersion = 10.0.40219.1
Project("{FAE04EC0-301F-11D3-BF4B-00C04F79EFBC}") = "AplikacjaRandkowa", "AplikacjaRandkowa.csproj", "{21E001A6-0AA7-4806-88C6-5EDF2646081B}"
EndProject
Global
	GlobalSection(SolutionConfigurationPlatforms) = preSolution
		Debug|Any CPU = Debug|Any CPU
		Release|Any CPU = Release|Any CPU
	EndGlobalSection
	GlobalSection(ProjectConfigurationPlatforms) = postSolution
		{21E001A6-0AA7-4806-88C6-5EDF2646081B}.Debug|Any CPU.ActiveCfg = Debug|Any CPU
		{21E001A6-0AA7-4806-88C6-5EDF2646081B}.Debug|Any CPU.Build.0 = Debug|Any CPU
		{21E001A6-0AA7-4806-88C6-5EDF2646081B}.Release|Any CPU.ActiveCfg = Release|Any CPU
		{21E001A6-0AA7-4806-88C6-5EDF2646081B}.Release|Any CPU.Build.0 = Release|Any CPU
	EndGlobalSection
	GlobalSection(SolutionProperties) = preSolution
		HideSolutionNode = FALSE
	EndGlobalSection
	GlobalSection(ExtensibilityGlobals) = postSolution
		SolutionGuid = {3D93542C-789A-47A9-894D-3BDB7231D638}
	EndGlobalSection
EndGlobal
